
Microsoft Visual Studio Solution File, Format Version 12.00
# Visual Studio Version 17
VisualStudioVersion = 17.6.33829.357
MinimumVisualStudioVersion = 10.0.40219.1
Project("{FAE04EC0-301F-11D3-BF4B-00C04F79EFBC}") = "CustomerApp", "CustomerApp.csproj", "{48388AEF-44BA-49FD-9271-4EFD639848CE}"
EndProject
Global
	GlobalSection(SolutionConfigurationPlatforms) = preSolution
		Debug|Any CPU = Debug|Any CPU
		Release|Any CPU = Release|Any CPU
	EndGlobalSection
	GlobalSection(ProjectConfigurationPlatforms) = postSolution
		{48388AEF-44BA-49FD-9271-4EFD639848CE}.Debug|Any CPU.ActiveCfg = Debug|Any CPU
		{48388AEF-44BA-49FD-9271-4EFD639848CE}.Debug|Any CPU.Build.0 = Debug|Any CPU
		{48388AEF-44BA-49FD-9271-4EFD639848CE}.Release|Any CPU.ActiveCfg = Release|Any CPU
		{48388AEF-44BA-49FD-9271-4EFD639848CE}.Release|Any CPU.Build.0 = Release|Any CPU
	EndGlobalSection
	GlobalSection(SolutionProperties) = preSolution
		HideSolutionNode = FALSE
	EndGlobalSection
	GlobalSection(ExtensibilityGlobals) = postSolution
		SolutionGuid = {97CACEE6-6827-43B8-AC3A-4F982312FF1C}
	EndGlobalSection
EndGlobal
